
Microsoft Visual Studio Solution File, Format Version 12.00
# Visual Studio Version 16
VisualStudioVersion = 16.0.30907.101
MinimumVisualStudioVersion = 10.0.40219.1
Project("{FAE04EC0-301F-11D3-BF4B-00C04F79EFBC}") = "SnakeGame", "SnakeGame\SnakeGame.csproj", "{DC258ABB-7DD6-42A4-90BF-945636274D42}"
EndProject
Global
	GlobalSection(SolutionConfigurationPlatforms) = preSolution
		Debug|Any CPU = Debug|Any CPU
		Release|Any CPU = Release|Any CPU
	EndGlobalSection
	GlobalSection(ProjectConfigurationPlatforms) = postSolution
		{DC258ABB-7DD6-42A4-90BF-945636274D42}.Debug|Any CPU.ActiveCfg = Debug|Any CPU
		{DC258ABB-7DD6-42A4-90BF-945636274D42}.Debug|Any CPU.Build.0 = Debug|Any CPU
		{DC258ABB-7DD6-42A4-90BF-945636274D42}.Release|Any CPU.ActiveCfg = Release|Any CPU
		{DC258ABB-7DD6-42A4-90BF-945636274D42}.Release|Any CPU.Build.0 = Release|Any CPU
	EndGlobalSection
	GlobalSection(SolutionProperties) = preSolution
		HideSolutionNode = FALSE
	EndGlobalSection
	GlobalSection(ExtensibilityGlobals) = postSolution
		SolutionGuid = {D1A75724-4305-43C2-9A6F-D2F55E931EEA}
	EndGlobalSection
EndGlobal
